github.com/ip2location/ip2location-go/v9 v9.5.0 h1:7gqKncm4MhBrpJIK0PmV8o6Bf8YbbSAPjORzyjAv1iM=
github.com/ip2location/ip2location-go/v9 v9.5.0/go.mod h1:s5SV6YZL10TpfPpXw//7fEJC65G/yH7Oh+Tjq9JcQEQ=
github.com/ip2location/ip2proxy-go/v3 v3.4.1 h1:1ibFfsYum98TSWE7LW2IaUOrK4y1qg5eJDKT+B8g54s=
github.com/ip2location/ip2proxy-go/v3 v3.4.1/go.mod h1:QsYxbbXHRLQlb+JtOFdPSoqTVBDxfTNYRlWMETIiJbM=
github.com/oschwald/geoip2-golang v1.8.0 h1:KfjYB8ojCEn/QLqsDU0AzrJ3R5Qa9vFlx3z6SLNcKTs=
github.com/oschwald/geoip2-golang v1.8.0/go.mod h1:R7bRvYjOeaoenAp9sKRS8GX5bJWcZ0laWO5+DauEktw=
github.com/oschwald/maxminddb-golang v1.10.0 h1:Xp1u0ZhqkSuopaKmk1WwHtjF0H9Hd9181uj2MQ5Vndg=
github.com/oschwald/maxminddb-golang v1.10.0/go.mod h1:Y2ELenReaLAZ0b400URyGwvYxHV1dLIxBuyOsyYjHK0=
github.com/pkg/errors v0.9.1 h1:FEBLx1zS214owpjy7qsBeixbURkuhQAwrK5UwLGTwt4=
github.com/pkg/errors v0.9.1/go.mod h1:bwawxfHBFNV+L2hUp1rHADufV3IMtnDRdf1r5NINEl0=
github.com/puzpuzpuz/xsync v1.5.2 h1:yRAP4wqSOZG+/4pxJ08fPTwrfL0IzE/LKQ/cw509qGY=
github.com/puzpuzpuz/xsync v1.5.2/go.mod h1:K98BYhX3k1dQ2M63t1YNVDanbwUPmBCAhNmVrrxfiGg=
github.com/zhangyunhao116/fastrand v0.3.0 h1:7bwe124xcckPulX6fxtr2lFdO2KQqaefdtbk+mqO/Ig=
github.com/zhangyunhao116/fastrand v0.3.0/go.mod h1:0v5KgHho0VE6HU192HnY15de/oDS8UrbBChIFjIhBtc=
github.com/zhangyunhao116/skipmap v0.10.1 h1:CMH4yGZQESBM1kUNozQqQ+Ra2pKqwF3HxaTADOaIfPs=
github.com/zhangyunhao116/skipmap v0.10.1/go.mod h1:CClnLPHl3DI+hHgrcy0OZ/QJ45AWgA3ObVcQyJop12c=
golang.org/x/sys v0.0.0-20220804214406-8e32c043e418 h1:9vYwv7OjYaky/tlAeD7C4oC9EsPTlaFl1H2jS++V+ME=
golang.org/x/sys v0.0.0-20220804214406-8e32c043e418/go.mod h1:oPkhp1MJrh7nUepCBck5+mAzfO9JrbApNNgaTdGDITg=
